
Microsoft Visual Studio Solution File, Format Version 12.00
# Visual Studio Version 16
VisualStudioVersion = 16.0.29911.84
MinimumVisualStudioVersion = 10.0.40219.1
Project("{FAE04EC0-301F-11D3-BF4B-00C04F79EFBC}") = "Yawn", "Yawn\Yawn.csproj", "{4EF7CC19-B6F2-418C-BEAB-BD5A5E3291B0}"
EndProject
Project("{FAE04EC0-301F-11D3-BF4B-00C04F79EFBC}") = "Demo", "Test3\Demo.csproj", "{F6D8C473-368C-44C4-95F7-ED9C2142A227}"
EndProject
Project("{2150E333-8FDC-42A3-9474-1A3956D46DE8}") = "Solution Items", "Solution Items", "{582B4E75-2680-4E0B-BD21-CD75914606E0}"
	ProjectSection(SolutionItems) = preProject
		CPOL.htm = CPOL.htm
		README.md = README.md
	EndProjectSection
EndProject
Global
	GlobalSection(SolutionConfigurationPlatforms) = preSolution
		Debug|Any CPU = Debug|Any CPU
		Release|Any CPU = Release|Any CPU
	EndGlobalSection
	GlobalSection(ProjectConfigurationPlatforms) = postSolution
		{4EF7CC19-B6F2-418C-BEAB-BD5A5E3291B0}.Debug|Any CPU.ActiveCfg = Debug|Any CPU
		{4EF7CC19-B6F2-418C-BEAB-BD5A5E3291B0}.Debug|Any CPU.Build.0 = Debug|Any CPU
		{4EF7CC19-B6F2-418C-BEAB-BD5A5E3291B0}.Release|Any CPU.ActiveCfg = Release|Any CPU
		{4EF7CC19-B6F2-418C-BEAB-BD5A5E3291B0}.Release|Any CPU.Build.0 = Release|Any CPU
		{F6D8C473-368C-44C4-95F7-ED9C2142A227}.Debug|Any CPU.ActiveCfg = Debug|Any CPU
		{F6D8C473-368C-44C4-95F7-ED9C2142A227}.Debug|Any CPU.Build.0 = Debug|Any CPU
		{F6D8C473-368C-44C4-95F7-ED9C2142A227}.Release|Any CPU.ActiveCfg = Release|Any CPU
		{F6D8C473-368C-44C4-95F7-ED9C2142A227}.Release|Any CPU.Build.0 = Release|Any CPU
	EndGlobalSection
	GlobalSection(SolutionProperties) = preSolution
		HideSolutionNode = FALSE
	EndGlobalSection
	GlobalSection(ExtensibilityGlobals) = postSolution
		SolutionGuid = {9F739E09-5B4B-461B-A2BF-E5F28F9E0A2D}
	EndGlobalSection
EndGlobal
